{
    "_readme": [
        "This file locks the dependencies of your project to a known state",
        "Read more about it at https://getcomposer.org/doc/01-basic-usage.md#installing-dependencies",
        "This file is @generated automatically"
    ],
    "content-hash": "e2f1b8a33e1185eb37f060af8a07340e",
    "packages": [
        {
            "name": "dpdconnect/php-sdk",
            "version": "1.1.9",
            "source": {
                "type": "git",
                "url": "https://github.com/dpdconnect/php-sdk.git",
                "reference": "8c8b56d18216b8d5ae2159c16c0529d2c624f238"
            },
            "dist": {
                "type": "zip",
                "url": "https://api.github.com/repos/dpdconnect/php-sdk/zipball/8c8b56d18216b8d5ae2159c16c0529d2c624f238",
                "reference": "8c8b56d18216b8d5ae2159c16c0529d2c624f238",
                "shasum": ""
            },
            "require": {
                "ext-json": "*",
                "php": "^5.5 || ^7.0 || ^8.0"
            },
            "require-dev": {
                "donatj/mock-webserver": "^2.0",
                "overtrue/phplint": "^1.1",
                "phpunit/phpunit": "~6.5.0",
                "squizlabs/php_codesniffer": "^3.0@dev",
                "symfony/yaml": "^4.2"
            },
            "type": "library",
            "autoload": {
                "psr-4": {
                    "DpdConnect\\Sdk\\": "src/"
                }
            },
            "notification-url": "https://packagist.org/downloads/",
            "license": [
                "OSL-3.0"
            ],
            "authors": [
                {
                    "name": "DPD",
                    "email": "pluginsupport@dpd.nl",
                    "homepage": "http://www.dpd.nl"
                }
            ],
            "description": "DPD Connect PHP SDK",
            "time": "2022-10-25T08:35:56+00:00"
        },
        {
            "name": "myokyawhtun/pdfmerger",
            "version": "dev-master",
            "source": {
                "type": "git",
                "url": "https://github.com/myokyawhtun/PDFMerger.git",
                "reference": "a0e6fcaf10dad00360414362cc3349e72c14a451"
            },
            "dist": {
                "type": "zip",
                "url": "https://api.github.com/repos/myokyawhtun/PDFMerger/zipball/a0e6fcaf10dad00360414362cc3349e72c14a451",
                "reference": "a0e6fcaf10dad00360414362cc3349e72c14a451",
                "shasum": ""
            },
            "require": {
                "php": ">=5.2.0"
            },
            "default-branch": true,
            "type": "library",
            "autoload": {
                "psr-0": {
                    "PDFMerger": "PDFMerger.php"
                }
            },
            "notification-url": "https://packagist.org/downloads/",
            "authors": [
                {
                    "name": "Jarrod Nettles",
                    "email": "jarrod@squarecrow.com"
                },
                {
                    "name": "Vasiliy Zaytsev",
                    "email": "vasiliy.zaytsev@ffwagency.com"
                },
                {
                    "name": "Myo Kyaw Htun",
                    "email": "myochauhtun@gmail.com"
                }
            ],
            "description": "PDFMerger for PHP (PHP 5 and up to PHP 7.1 Compatible)",
            "support": {
                "issues": "https://github.com/myokyawhtun/PDFMerger/issues",
                "source": "https://github.com/myokyawhtun/PDFMerger/tree/master"
            },
            "time": "2021-05-22T12:07:20+00:00"
        }
    ],
    "packages-dev": [],
    "aliases": [],
    "minimum-stability": "stable",
    "stability-flags": {
        "myokyawhtun/pdfmerger": 20
    },
    "prefer-stable": false,
    "prefer-lowest": false,
    "platform": [],
    "platform-dev": [],
    "plugin-api-version": "2.2.0"
}
