{
    "_readme": [
        "This file locks the dependencies of your project to a known state",
        "Read more about it at https://getcomposer.org/doc/01-basic-usage.md#installing-dependencies",
        "This file is @generated automatically"
    ],
    "content-hash": "47da907e30692f3d9d13617810cca23c",
    "packages": [
        {
            "name": "dpdconnect/php-sdk",
            "version": "1.0",
            "source": {
                "type": "git",
                "url": "https://github.com/dpdconnect/php-sdk.git",
                "reference": "bdccdc7dba392ca49dfc32eeb386d6c35d435099"
            },
            "dist": {
                "type": "zip",
                "url": "https://api.github.com/repos/dpdconnect/php-sdk/zipball/bdccdc7dba392ca49dfc32eeb386d6c35d435099",
                "reference": "bdccdc7dba392ca49dfc32eeb386d6c35d435099",
                "shasum": ""
            },
            "require": {
                "ext-json": "*",
                "php": "^5.5 || ^7.0"
            },
            "require-dev": {
                "donatj/mock-webserver": "^2.0",
                "overtrue/phplint": "^1.1",
                "phpunit/phpunit": "~6.5.0",
                "squizlabs/php_codesniffer": "^3.0@dev",
                "symfony/yaml": "^4.2"
            },
            "type": "magento2-library",
            "autoload": {
                "psr-4": {
                    "DpdConnect\\Sdk\\": "src/"
                }
            },
            "notification-url": "https://packagist.org/downloads/",
            "license": [
                "OSL-3.0"
            ],
            "authors": [
                {
                    "name": "DPD",
                    "email": "pluginsupport@dpd.nl",
                    "homepage": "http://www.dpd.nl"
                }
            ],
            "description": "DPD Magento2 Shipping extension",
            "time": "2019-08-14T11:40:01+00:00"
        }
    ],
    "packages-dev": [],
    "aliases": [],
    "minimum-stability": "dev",
    "stability-flags": [],
    "prefer-stable": false,
    "prefer-lowest": false,
    "platform": [],
    "platform-dev": []
}
